
Microsoft Visual Studio Solution File, Format Version 12.00
# Visual Studio Version 16
VisualStudioVersion = 16.0.30128.74
MinimumVisualStudioVersion = 10.0.40219.1
Project("{9A19103F-16F7-4668-BE54-9A1E7A4F7556}") = "TFG.Domain.Shared", "TFG.Domain.Shared\TFG.Domain.Shared\TFG.Domain.Shared.csproj", "{FABC8C8E-603A-4FFE-8F5B-BA55152922C4}"
EndProject
Project("{9A19103F-16F7-4668-BE54-9A1E7A4F7556}") = "TFG.Domain", "TFG.Domain\TFG.Domain\TFG.Domain.csproj", "{92265455-8B88-4679-86DE-4D550035543D}"
EndProject
Project("{9A19103F-16F7-4668-BE54-9A1E7A4F7556}") = "TFG.Infraestructure", "TFG.Infraestructure\TFG.Infraestructure\TFG.Infraestructure.csproj", "{69565813-2A65-4F52-BE0E-90D066D426FC}"
EndProject
Project("{9A19103F-16F7-4668-BE54-9A1E7A4F7556}") = "TFG.ServiceContracts", "TFG.ServiceContracts\TFG.ServiceContracts\TFG.ServiceContracts.csproj", "{DD63EDE3-44C3-4C29-AF08-5FA58EA7ECAE}"
EndProject
Project("{9A19103F-16F7-4668-BE54-9A1E7A4F7556}") = "TFG.Bot", "TFG.Web\TFG.Bot\TFG.Bot.csproj", "{73EFEF77-1265-4038-BB09-C8363265EEF2}"
EndProject
Global
	GlobalSection(SolutionConfigurationPlatforms) = preSolution
		Debug|Any CPU = Debug|Any CPU
		Release|Any CPU = Release|Any CPU
	EndGlobalSection
	GlobalSection(ProjectConfigurationPlatforms) = postSolution
		{FABC8C8E-603A-4FFE-8F5B-BA55152922C4}.Debug|Any CPU.ActiveCfg = Debug|Any CPU
		{FABC8C8E-603A-4FFE-8F5B-BA55152922C4}.Debug|Any CPU.Build.0 = Debug|Any CPU
		{FABC8C8E-603A-4FFE-8F5B-BA55152922C4}.Release|Any CPU.ActiveCfg = Release|Any CPU
		{FABC8C8E-603A-4FFE-8F5B-BA55152922C4}.Release|Any CPU.Build.0 = Release|Any CPU
		{92265455-8B88-4679-86DE-4D550035543D}.Debug|Any CPU.ActiveCfg = Debug|Any CPU
		{92265455-8B88-4679-86DE-4D550035543D}.Debug|Any CPU.Build.0 = Debug|Any CPU
		{92265455-8B88-4679-86DE-4D550035543D}.Release|Any CPU.ActiveCfg = Release|Any CPU
		{92265455-8B88-4679-86DE-4D550035543D}.Release|Any CPU.Build.0 = Release|Any CPU
		{69565813-2A65-4F52-BE0E-90D066D426FC}.Debug|Any CPU.ActiveCfg = Debug|Any CPU
		{69565813-2A65-4F52-BE0E-90D066D426FC}.Debug|Any CPU.Build.0 = Debug|Any CPU
		{69565813-2A65-4F52-BE0E-90D066D426FC}.Release|Any CPU.ActiveCfg = Release|Any CPU
		{69565813-2A65-4F52-BE0E-90D066D426FC}.Release|Any CPU.Build.0 = Release|Any CPU
		{DD63EDE3-44C3-4C29-AF08-5FA58EA7ECAE}.Debug|Any CPU.ActiveCfg = Debug|Any CPU
		{DD63EDE3-44C3-4C29-AF08-5FA58EA7ECAE}.Debug|Any CPU.Build.0 = Debug|Any CPU
		{DD63EDE3-44C3-4C29-AF08-5FA58EA7ECAE}.Release|Any CPU.ActiveCfg = Release|Any CPU
		{DD63EDE3-44C3-4C29-AF08-5FA58EA7ECAE}.Release|Any CPU.Build.0 = Release|Any CPU
		{73EFEF77-1265-4038-BB09-C8363265EEF2}.Debug|Any CPU.ActiveCfg = Debug|Any CPU
		{73EFEF77-1265-4038-BB09-C8363265EEF2}.Debug|Any CPU.Build.0 = Debug|Any CPU
		{73EFEF77-1265-4038-BB09-C8363265EEF2}.Release|Any CPU.ActiveCfg = Release|Any CPU
		{73EFEF77-1265-4038-BB09-C8363265EEF2}.Release|Any CPU.Build.0 = Release|Any CPU
	EndGlobalSection
	GlobalSection(SolutionProperties) = preSolution
		HideSolutionNode = FALSE
	EndGlobalSection
	GlobalSection(ExtensibilityGlobals) = postSolution
		SolutionGuid = {264DEE40-C6E5-4B3D-B8AB-9CFB0A8BFC35}
	EndGlobalSection
EndGlobal
